// !$*UTF8*$!
{
	archiveVersion = 1;
	classes = {
	};
	objectVersion = 50;
	objects = {

/* Begin PBXBuildFile section */
		E01C273221477239006D149C /* ChannelVC.swift in Sources */ = {isa = PBXBuildFile; fileRef = E01C273121477239006D149C /* ChannelVC.swift */; };
		E01C273521477265006D149C /* ChatVC.swift in Sources */ = {isa = PBXBuildFile; fileRef = E01C273421477265006D149C /* ChatVC.swift */; };
		E01C2737214779E0006D149C /* GradientView.swift in Sources */ = {isa = PBXBuildFile; fileRef = E01C2736214779E0006D149C /* GradientView.swift */; };
		E01C273A21477EFB006D149C /* Constants.swift in Sources */ = {isa = PBXBuildFile; fileRef = E01C273921477EFB006D149C /* Constants.swift */; };
		E01C273C214783AC006D149C /* LoginVC.swift in Sources */ = {isa = PBXBuildFile; fileRef = E01C273B214783AC006D149C /* LoginVC.swift */; };
		E01C273E214787A2006D149C /* CreateAccountVC.swift in Sources */ = {isa = PBXBuildFile; fileRef = E01C273D214787A2006D149C /* CreateAccountVC.swift */; };
		E04B2F7C2146CE0D00E40D3C /* AppDelegate.swift in Sources */ = {isa = PBXBuildFile; fileRef = E04B2F7B2146CE0D00E40D3C /* AppDelegate.swift */; };
		E04B2F812146CE0D00E40D3C /* Main.storyboard in Resources */ = {isa = PBXBuildFile; fileRef = E04B2F7F2146CE0D00E40D3C /* Main.storyboard */; };
		E04B2F832146CE0E00E40D3C /* Assets.xcassets in Resources */ = {isa = PBXBuildFile; fileRef = E04B2F822146CE0E00E40D3C /* Assets.xcassets */; };
		E04B2F862146CE0E00E40D3C /* LaunchScreen.storyboard in Resources */ = {isa = PBXBuildFile; fileRef = E04B2F842146CE0E00E40D3C /* LaunchScreen.storyboard */; };
		E04B2F912146CF1B00E40D3C /* SWRevealViewController.m in Sources */ = {isa = PBXBuildFile; fileRef = E04B2F902146CF1B00E40D3C /* SWRevealViewController.m */; };
		E0D2563F2148130A00379037 /* AuthService.swift in Sources */ = {isa = PBXBuildFile; fileRef = E0D2563E2148130A00379037 /* AuthService.swift */; };
		E0D2564321481AC600379037 /* RoundedButton.swift in Sources */ = {isa = PBXBuildFile; fileRef = E0D2564221481AC600379037 /* RoundedButton.swift */; };
		E0D2564521482BF100379037 /* UserDataService.swift in Sources */ = {isa = PBXBuildFile; fileRef = E0D2564421482BF100379037 /* UserDataService.swift */; };
		F4D3A7E37E105DBE475D526C /* Pods_Meet.framework in Frameworks */ = {isa = PBXBuildFile; fileRef = 115B61468270576261B1F11F /* Pods_Meet.framework */; };
/* End PBXBuildFile section */

/* Begin PBXFileReference section */
		115B61468270576261B1F11F /* Pods_Meet.framework */ = {isa = PBXFileReference; explicitFileType = wrapper.framework; includeInIndex = 0; path = Pods_Meet.framework; sourceTree = BUILT_PRODUCTS_DIR; };
		CA5108775B4D694084DBC995 /* Pods-Meet.release.xcconfig */ = {isa = PBXFileReference; includeInIndex = 1; lastKnownFileType = text.xcconfig; name = "Pods-Meet.release.xcconfig"; path = "Pods/Target Support Files/Pods-Meet/Pods-Meet.release.xcconfig"; sourceTree = "<group>"; };
		DA9980763B4FDD00E58E5969 /* Pods-Meet.debug.xcconfig */ = {isa = PBXFileReference; includeInIndex = 1; lastKnownFileType = text.xcconfig; name = "Pods-Meet.debug.xcconfig"; path = "Pods/Target Support Files/Pods-Meet/Pods-Meet.debug.xcconfig"; sourceTree = "<group>"; };
		E01C273121477239006D149C /* ChannelVC.swift */ = {isa = PBXFileReference; lastKnownFileType = sourcecode.swift; path = ChannelVC.swift; sourceTree = "<group>"; };
		E01C273421477265006D149C /* ChatVC.swift */ = {isa = PBXFileReference; lastKnownFileType = sourcecode.swift; path = ChatVC.swift; sourceTree = "<group>"; };
		E01C2736214779E0006D149C /* GradientView.swift */ = {isa = PBXFileReference; lastKnownFileType = sourcecode.swift; path = GradientView.swift; sourceTree = "<group>"; };
		E01C273921477EFB006D149C /* Constants.swift */ = {isa = PBXFileReference; lastKnownFileType = sourcecode.swift; path = Constants.swift; sourceTree = "<group>"; };
		E01C273B214783AC006D149C /* LoginVC.swift */ = {isa = PBXFileReference; lastKnownFileType = sourcecode.swift; path = LoginVC.swift; sourceTree = "<group>"; };
		E01C273D214787A2006D149C /* CreateAccountVC.swift */ = {isa = PBXFileReference; lastKnownFileType = sourcecode.swift; path = CreateAccountVC.swift; sourceTree = "<group>"; };
		E04B2F782146CE0D00E40D3C /* Meet.app */ = {isa = PBXFileReference; explicitFileType = wrapper.application; includeInIndex = 0; path = Meet.app; sourceTree = BUILT_PRODUCTS_DIR; };
		E04B2F7B2146CE0D00E40D3C /* AppDelegate.swift */ = {isa = PBXFileReference; lastKnownFileType = sourcecode.swift; path = AppDelegate.swift; sourceTree = "<group>"; };
		E04B2F802146CE0D00E40D3C /* Base */ = {isa = PBXFileReference; lastKnownFileType = file.storyboard; name = Base; path = Base.lproj/Main.storyboard; sourceTree = "<group>"; };
		E04B2F822146CE0E00E40D3C /* Assets.xcassets */ = {isa = PBXFileReference; lastKnownFileType = folder.assetcatalog; path = Assets.xcassets; sourceTree = "<group>"; };
		E04B2F852146CE0E00E40D3C /* Base */ = {isa = PBXFileReference; lastKnownFileType = file.storyboard; name = Base; path = Base.lproj/LaunchScreen.storyboard; sourceTree = "<group>"; };
		E04B2F872146CE0E00E40D3C /* Info.plist */ = {isa = PBXFileReference; lastKnownFileType = text.plist.xml; path = Info.plist; sourceTree = "<group>"; };
		E04B2F8E2146CF1A00E40D3C /* Meet-Bridging-Header.h */ = {isa = PBXFileReference; lastKnownFileType = sourcecode.c.h; path = "Meet-Bridging-Header.h"; sourceTree = "<group>"; };
		E04B2F8F2146CF1B00E40D3C /* SWRevealViewController.h */ = {isa = PBXFileReference; fileEncoding = 4; lastKnownFileType = sourcecode.c.h; path = SWRevealViewController.h; sourceTree = "<group>"; };
		E04B2F902146CF1B00E40D3C /* SWRevealViewController.m */ = {isa = PBXFileReference; fileEncoding = 4; lastKnownFileType = sourcecode.c.objc; path = SWRevealViewController.m; sourceTree = "<group>"; };
		E0D2563E2148130A00379037 /* AuthService.swift */ = {isa = PBXFileReference; lastKnownFileType = sourcecode.swift; path = AuthService.swift; sourceTree = "<group>"; };
		E0D2564221481AC600379037 /* RoundedButton.swift */ = {isa = PBXFileReference; lastKnownFileType = sourcecode.swift; path = RoundedButton.swift; sourceTree = "<group>"; };
		E0D2564421482BF100379037 /* UserDataService.swift */ = {isa = PBXFileReference; lastKnownFileType = sourcecode.swift; path = UserDataService.swift; sourceTree = "<group>"; };
/* End PBXFileReference section */

/* Begin PBXFrameworksBuildPhase section */
		E04B2F752146CE0D00E40D3C /* Frameworks */ = {
			isa = PBXFrameworksBuildPhase;
			buildActionMask = 2147483647;
			files = (
				F4D3A7E37E105DBE475D526C /* Pods_Meet.framework in Frameworks */,
			);
			runOnlyForDeploymentPostprocessing = 0;
		};
/* End PBXFrameworksBuildPhase section */

/* Begin PBXGroup section */
		B666472C68D5B4E509691850 /* Frameworks */ = {
			isa = PBXGroup;
			children = (
				115B61468270576261B1F11F /* Pods_Meet.framework */,
			);
			name = Frameworks;
			sourceTree = "<group>";
		};
		E01C273821477ED4006D149C /* Utilities */ = {
			isa = PBXGroup;
			children = (
				E01C273921477EFB006D149C /* Constants.swift */,
			);
			path = Utilities;
			sourceTree = "<group>";
		};
		E04B2F6F2146CE0D00E40D3C = {
			isa = PBXGroup;
			children = (
				E04B2F7A2146CE0D00E40D3C /* Meet */,
				E04B2F792146CE0D00E40D3C /* Products */,
				F9C2560DC2F8F251AAE96212 /* Pods */,
				B666472C68D5B4E509691850 /* Frameworks */,
			);
			sourceTree = "<group>";
		};
		E04B2F792146CE0D00E40D3C /* Products */ = {
			isa = PBXGroup;
			children = (
				E04B2F782146CE0D00E40D3C /* Meet.app */,
			);
			name = Products;
			sourceTree = "<group>";
		};
		E04B2F7A2146CE0D00E40D3C /* Meet */ = {
			isa = PBXGroup;
			children = (
				E0D2563D2148129A00379037 /* Services */,
				E01C273821477ED4006D149C /* Utilities */,
				E04B2F8D2146CE9700E40D3C /* Supporting Files */,
				E04B2F942146CF7A00E40D3C /* View */,
				E04B2F932146CF6F00E40D3C /* Model */,
				E04B2F922146CF6700E40D3C /* Controller */,
				E04B2F7B2146CE0D00E40D3C /* AppDelegate.swift */,
				E04B2F7F2146CE0D00E40D3C /* Main.storyboard */,
				E04B2F822146CE0E00E40D3C /* Assets.xcassets */,
				E04B2F842146CE0E00E40D3C /* LaunchScreen.storyboard */,
				E04B2F872146CE0E00E40D3C /* Info.plist */,
			);
			path = Meet;
			sourceTree = "<group>";
		};
		E04B2F8D2146CE9700E40D3C /* Supporting Files */ = {
			isa = PBXGroup;
			children = (
				E04B2F8F2146CF1B00E40D3C /* SWRevealViewController.h */,
				E04B2F902146CF1B00E40D3C /* SWRevealViewController.m */,
				E04B2F8E2146CF1A00E40D3C /* Meet-Bridging-Header.h */,
			);
			path = "Supporting Files";
			sourceTree = "<group>";
		};
		E04B2F922146CF6700E40D3C /* Controller */ = {
			isa = PBXGroup;
			children = (
				E01C273121477239006D149C /* ChannelVC.swift */,
				E01C273421477265006D149C /* ChatVC.swift */,
				E01C273B214783AC006D149C /* LoginVC.swift */,
				E01C273D214787A2006D149C /* CreateAccountVC.swift */,
			);
			path = Controller;
			sourceTree = "<group>";
		};
		E04B2F932146CF6F00E40D3C /* Model */ = {
			isa = PBXGroup;
			children = (
			);
			path = Model;
			sourceTree = "<group>";
		};
		E04B2F942146CF7A00E40D3C /* View */ = {
			isa = PBXGroup;
			children = (
				E01C2736214779E0006D149C /* GradientView.swift */,
				E0D2564221481AC600379037 /* RoundedButton.swift */,
			);
			path = View;
			sourceTree = "<group>";
		};
		E0D2563D2148129A00379037 /* Services */ = {
			isa = PBXGroup;
			children = (
				E0D2563E2148130A00379037 /* AuthService.swift */,
				E0D2564421482BF100379037 /* UserDataService.swift */,
			);
			path = Services;
			sourceTree = "<group>";
		};
		F9C2560DC2F8F251AAE96212 /* Pods */ = {
			isa = PBXGroup;
			children = (
				DA9980763B4FDD00E58E5969 /* Pods-Meet.debug.xcconfig */,
				CA5108775B4D694084DBC995 /* Pods-Meet.release.xcconfig */,
			);
			name = Pods;
			sourceTree = "<group>";
		};
/* End PBXGroup section */

/* Begin PBXNativeTarget section */
		E04B2F772146CE0D00E40D3C /* Meet */ = {
			isa = PBXNativeTarget;
			buildConfigurationList = E04B2F8A2146CE0E00E40D3C /* Build configuration list for PBXNativeTarget "Meet" */;
			buildPhases = (
				6E60574A5D4E6A44C2EE00FE /* [CP] Check Pods Manifest.lock */,
				E04B2F742146CE0D00E40D3C /* Sources */,
				E04B2F752146CE0D00E40D3C /* Frameworks */,
				E04B2F762146CE0D00E40D3C /* Resources */,
				F5F3E506A00CC73B61FBD03B /* [CP] Embed Pods Frameworks */,
			);
			buildRules = (
			);
			dependencies = (
			);
			name = Meet;
			productName = Meet;
			productReference = E04B2F782146CE0D00E40D3C /* Meet.app */;
			productType = "com.apple.product-type.application";
		};
/* End PBXNativeTarget section */

/* Begin PBXProject section */
		E04B2F702146CE0D00E40D3C /* Project object */ = {
			isa = PBXProject;
			attributes = {
				LastSwiftUpdateCheck = 1000;
				LastUpgradeCheck = 1000;
				ORGANIZATIONNAME = mehedi.r8;
				TargetAttributes = {
					E04B2F772146CE0D00E40D3C = {
						CreatedOnToolsVersion = 10.0;
						LastSwiftMigration = 1000;
					};
				};
			};
			buildConfigurationList = E04B2F732146CE0D00E40D3C /* Build configuration list for PBXProject "Meet" */;
			compatibilityVersion = "Xcode 9.3";
			developmentRegion = en;
			hasScannedForEncodings = 0;
			knownRegions = (
				en,
				Base,
			);
			mainGroup = E04B2F6F2146CE0D00E40D3C;
			productRefGroup = E04B2F792146CE0D00E40D3C /* Products */;
			projectDirPath = "";
			projectRoot = "";
			targets = (
				E04B2F772146CE0D00E40D3C /* Meet */,
			);
		};
/* End PBXProject section */

/* Begin PBXResourcesBuildPhase section */
		E04B2F762146CE0D00E40D3C /* Resources */ = {
			isa = PBXResourcesBuildPhase;
			buildActionMask = 2147483647;
			files = (
				E04B2F862146CE0E00E40D3C /* LaunchScreen.storyboard in Resources */,
				E04B2F832146CE0E00E40D3C /* Assets.xcassets in Resources */,
				E04B2F812146CE0D00E40D3C /* Main.storyboard in Resources */,
			);
			runOnlyForDeploymentPostprocessing = 0;
		};
/* End PBXResourcesBuildPhase section */

/* Begin PBXShellScriptBuildPhase section */
		6E60574A5D4E6A44C2EE00FE /* [CP] Check Pods Manifest.lock */ = {
			isa = PBXShellScriptBuildPhase;
			buildActionMask = 2147483647;
			files = (
			);
			inputFileListPaths = (
			);
			inputPaths = (
				"${PODS_PODFILE_DIR_PATH}/Podfile.lock",
				"${PODS_ROOT}/Manifest.lock",
			);
			name = "[CP] Check Pods Manifest.lock";
			outputFileListPaths = (
			);
			outputPaths = (
				"$(DERIVED_FILE_DIR)/Pods-Meet-checkManifestLockResult.txt",
			);
			runOnlyForDeploymentPostprocessing = 0;
			shellPath = /bin/sh;
			shellScript = "diff \"${PODS_PODFILE_DIR_PATH}/Podfile.lock\" \"${PODS_ROOT}/Manifest.lock\" > /dev/null\nif [ $? != 0 ] ; then\n    # print error to STDERR\n    echo \"error: The sandbox is not in sync with the Podfile.lock. Run 'pod install' or update your CocoaPods installation.\" >&2\n    exit 1\nfi\n# This output is used by Xcode 'outputs' to avoid re-running this script phase.\necho \"SUCCESS\" > \"${SCRIPT_OUTPUT_FILE_0}\"\n";
			showEnvVarsInLog = 0;
		};
		F5F3E506A00CC73B61FBD03B /* [CP] Embed Pods Frameworks */ = {
			isa = PBXShellScriptBuildPhase;
			buildActionMask = 2147483647;
			files = (
			);
			inputFileListPaths = (
			);
			inputPaths = (
				"${SRCROOT}/Pods/Target Support Files/Pods-Meet/Pods-Meet-frameworks.sh",
				"${BUILT_PRODUCTS_DIR}/Alamofire/Alamofire.framework",
				"${BUILT_PRODUCTS_DIR}/Socket.IO-Client-Swift/SocketIO.framework",
				"${BUILT_PRODUCTS_DIR}/Starscream/Starscream.framework",
				"${BUILT_PRODUCTS_DIR}/SwiftyJSON/SwiftyJSON.framework",
			);
			name = "[CP] Embed Pods Frameworks";
			outputFileListPaths = (
			);
			outputPaths = (
				"${TARGET_BUILD_DIR}/${FRAMEWORKS_FOLDER_PATH}/Alamofire.framework",
				"${TARGET_BUILD_DIR}/${FRAMEWORKS_FOLDER_PATH}/SocketIO.framework",
				"${TARGET_BUILD_DIR}/${FRAMEWORKS_FOLDER_PATH}/Starscream.framework",
				"${TARGET_BUILD_DIR}/${FRAMEWORKS_FOLDER_PATH}/SwiftyJSON.framework",
			);
			runOnlyForDeploymentPostprocessing = 0;
			shellPath = /bin/sh;
			shellScript = "\"${SRCROOT}/Pods/Target Support Files/Pods-Meet/Pods-Meet-frameworks.sh\"\n";
			showEnvVarsInLog = 0;
		};
/* End PBXShellScriptBuildPhase section */

/* Begin PBXSourcesBuildPhase section */
		E04B2F742146CE0D00E40D3C /* Sources */ = {
			isa = PBXSourcesBuildPhase;
			buildActionMask = 2147483647;
			files = (
				E01C273521477265006D149C /* ChatVC.swift in Sources */,
				E0D2564321481AC600379037 /* RoundedButton.swift in Sources */,
				E04B2F7C2146CE0D00E40D3C /* AppDelegate.swift in Sources */,
				E01C273E214787A2006D149C /* CreateAccountVC.swift in Sources */,
				E0D2563F2148130A00379037 /* AuthService.swift in Sources */,
				E01C273C214783AC006D149C /* LoginVC.swift in Sources */,
				E01C2737214779E0006D149C /* GradientView.swift in Sources */,
				E01C273221477239006D149C /* ChannelVC.swift in Sources */,
				E04B2F912146CF1B00E40D3C /* SWRevealViewController.m in Sources */,
				E0D2564521482BF100379037 /* UserDataService.swift in Sources */,
				E01C273A21477EFB006D149C /* Constants.swift in Sources */,
			);
			runOnlyForDeploymentPostprocessing = 0;
		};
/* End PBXSourcesBuildPhase section */

/* Begin PBXVariantGroup section */
		E04B2F7F2146CE0D00E40D3C /* Main.storyboard */ = {
			isa = PBXVariantGroup;
			children = (
				E04B2F802146CE0D00E40D3C /* Base */,
			);
			name = Main.storyboard;
			sourceTree = "<group>";
		};
		E04B2F842146CE0E00E40D3C /* LaunchScreen.storyboard */ = {
			isa = PBXVariantGroup;
			children = (
				E04B2F852146CE0E00E40D3C /* Base */,
			);
			name = LaunchScreen.storyboard;
			sourceTree = "<group>";
		};
/* End PBXVariantGroup section */

/* Begin XCBuildConfiguration section */
		E04B2F882146CE0E00E40D3C /* Debug */ = {
			isa = XCBuildConfiguration;
			buildSettings = {
				ALWAYS_SEARCH_USER_PATHS = NO;
				CLANG_ANALYZER_NONNULL = YES;
				CLANG_ANALYZER_NUMBER_OBJECT_CONVERSION = YES_AGGRESSIVE;
				CLANG_CXX_LANGUAGE_STANDARD = "gnu++14";
				CLANG_CXX_LIBRARY = "libc++";
				CLANG_ENABLE_MODULES = YES;
				CLANG_ENABLE_OBJC_ARC = YES;
				CLANG_ENABLE_OBJC_WEAK = YES;
				CLANG_WARN_BLOCK_CAPTURE_AUTORELEASING = YES;
				CLANG_WARN_BOOL_CONVERSION = YES;
				CLANG_WARN_COMMA = YES;
				CLANG_WARN_CONSTANT_CONVERSION = YES;
				CLANG_WARN_DEPRECATED_OBJC_IMPLEMENTATIONS = YES;
				CLANG_WARN_DIRECT_OBJC_ISA_USAGE = YES_ERROR;
				CLANG_WARN_DOCUMENTATION_COMMENTS = YES;
				CLANG_WARN_EMPTY_BODY = YES;
				CLANG_WARN_ENUM_CONVERSION = YES;
				CLANG_WARN_INFINITE_RECURSION = YES;
				CLANG_WARN_INT_CONVERSION = YES;
				CLANG_WARN_NON_LITERAL_NULL_CONVERSION = YES;
				CLANG_WARN_OBJC_IMPLICIT_RETAIN_SELF = YES;
				CLANG_WARN_OBJC_LITERAL_CONVERSION = YES;
				CLANG_WARN_OBJC_ROOT_CLASS = YES_ERROR;
				CLANG_WARN_RANGE_LOOP_ANALYSIS = YES;
				CLANG_WARN_STRICT_PROTOTYPES = YES;
				CLANG_WARN_SUSPICIOUS_MOVE = YES;
				CLANG_WARN_UNGUARDED_AVAILABILITY = YES_AGGRESSIVE;
				CLANG_WARN_UNREACHABLE_CODE = YES;
				CLANG_WARN__DUPLICATE_METHOD_MATCH = YES;
				CODE_SIGN_IDENTITY = "iPhone Developer";
				COPY_PHASE_STRIP = NO;
				DEBUG_INFORMATION_FORMAT = dwarf;
				ENABLE_STRICT_OBJC_MSGSEND = YES;
				ENABLE_TESTABILITY = YES;
				GCC_C_LANGUAGE_STANDARD = gnu11;
				GCC_DYNAMIC_NO_PIC = NO;
				GCC_NO_COMMON_BLOCKS = YES;
				GCC_OPTIMIZATION_LEVEL = 0;
				GCC_PREPROCESSOR_DEFINITIONS = (
					"DEBUG=1",
					"$(inherited)",
				);
				GCC_WARN_64_TO_32_BIT_CONVERSION = YES;
				GCC_WARN_ABOUT_RETURN_TYPE = YES_ERROR;
				GCC_WARN_UNDECLARED_SELECTOR = YES;
				GCC_WARN_UNINITIALIZED_AUTOS = YES_AGGRESSIVE;
				GCC_WARN_UNUSED_FUNCTION = YES;
				GCC_WARN_UNUSED_VARIABLE = YES;
				IPHONEOS_DEPLOYMENT_TARGET = 12.0;
				MTL_ENABLE_DEBUG_INFO = INCLUDE_SOURCE;
				ONLY_ACTIVE_ARCH = YES;
				SDKROOT = iphoneos;
				SWIFT_ACTIVE_COMPILATION_CONDITIONS = DEBUG;
				SWIFT_OPTIMIZATION_LEVEL = "-Onone";
			};
			name = Debug;
		};
		E04B2F892146CE0E00E40D3C /* Release */ = {
			isa = XCBuildConfiguration;
			buildSettings = {
				ALWAYS_SEARCH_USER_PATHS = NO;
				CLANG_ANALYZER_NONNULL = YES;
				CLANG_ANALYZER_NUMBER_OBJECT_CONVERSION = YES_AGGRESSIVE;
				CLANG_CXX_LANGUAGE_STANDARD = "gnu++14";
				CLANG_CXX_LIBRARY = "libc++";
				CLANG_ENABLE_MODULES = YES;
				CLANG_ENABLE_OBJC_ARC = YES;
				CLANG_ENABLE_OBJC_WEAK = YES;
				CLANG_WARN_BLOCK_CAPTURE_AUTORELEASING = YES;
				CLANG_WARN_BOOL_CONVERSION = YES;
				CLANG_WARN_COMMA = YES;
				CLANG_WARN_CONSTANT_CONVERSION = YES;
				CLANG_WARN_DEPRECATED_OBJC_IMPLEMENTATIONS = YES;
				CLANG_WARN_DIRECT_OBJC_ISA_USAGE = YES_ERROR;
				CLANG_WARN_DOCUMENTATION_COMMENTS = YES;
				CLANG_WARN_EMPTY_BODY = YES;
				CLANG_WARN_ENUM_CONVERSION = YES;
				CLANG_WARN_INFINITE_RECURSION = YES;
				CLANG_WARN_INT_CONVERSION = YES;
				CLANG_WARN_NON_LITERAL_NULL_CONVERSION = YES;
				CLANG_WARN_OBJC_IMPLICIT_RETAIN_SELF = YES;
				CLANG_WARN_OBJC_LITERAL_CONVERSION = YES;
				CLANG_WARN_OBJC_ROOT_CLASS = YES_ERROR;
				CLANG_WARN_RANGE_LOOP_ANALYSIS = YES;
				CLANG_WARN_STRICT_PROTOTYPES = YES;
				CLANG_WARN_SUSPICIOUS_MOVE = YES;
				CLANG_WARN_UNGUARDED_AVAILABILITY = YES_AGGRESSIVE;
				CLANG_WARN_UNREACHABLE_CODE = YES;
				CLANG_WARN__DUPLICATE_METHOD_MATCH = YES;
				CODE_SIGN_IDENTITY = "iPhone Developer";
				COPY_PHASE_STRIP = NO;
				DEBUG_INFORMATION_FORMAT = "dwarf-with-dsym";
				ENABLE_NS_ASSERTIONS = NO;
				ENABLE_STRICT_OBJC_MSGSEND = YES;
				GCC_C_LANGUAGE_STANDARD = gnu11;
				GCC_NO_COMMON_BLOCKS = YES;
				GCC_WARN_64_TO_32_BIT_CONVERSION = YES;
				GCC_WARN_ABOUT_RETURN_TYPE = YES_ERROR;
				GCC_WARN_UNDECLARED_SELECTOR = YES;
				GCC_WARN_UNINITIALIZED_AUTOS = YES_AGGRESSIVE;
				GCC_WARN_UNUSED_FUNCTION = YES;
				GCC_WARN_UNUSED_VARIABLE = YES;
				IPHONEOS_DEPLOYMENT_TARGET = 12.0;
				MTL_ENABLE_DEBUG_INFO = NO;
				SDKROOT = iphoneos;
				SWIFT_COMPILATION_MODE = wholemodule;
				SWIFT_OPTIMIZATION_LEVEL = "-O";
				VALIDATE_PRODUCT = YES;
			};
			name = Release;
		};
		E04B2F8B2146CE0E00E40D3C /* Debug */ = {
			isa = XCBuildConfiguration;
			baseConfigurationReference = DA9980763B4FDD00E58E5969 /* Pods-Meet.debug.xcconfig */;
			buildSettings = {
				ASSETCATALOG_COMPILER_APPICON_NAME = AppIcon;
				CLANG_ENABLE_MODULES = YES;
				CODE_SIGN_STYLE = Automatic;
				DEVELOPMENT_TEAM = NLMQ56W2VQ;
				INFOPLIST_FILE = Meet/Info.plist;
				IPHONEOS_DEPLOYMENT_TARGET = 11.4;
				LD_RUNPATH_SEARCH_PATHS = (
					"$(inherited)",
					"@executable_path/Frameworks",
				);
				PRODUCT_BUNDLE_IDENTIFIER = com.r8.Meet;
				PRODUCT_NAME = "$(TARGET_NAME)";
				SWIFT_OBJC_BRIDGING_HEADER = "Meet/Supporting Files/Meet-Bridging-Header.h";
				SWIFT_OPTIMIZATION_LEVEL = "-Onone";
				SWIFT_VERSION = 4.2;
				TARGETED_DEVICE_FAMILY = "1,2";
			};
			name = Debug;
		};
		E04B2F8C2146CE0E00E40D3C /* Release */ = {
			isa = XCBuildConfiguration;
			baseConfigurationReference = CA5108775B4D694084DBC995 /* Pods-Meet.release.xcconfig */;
			buildSettings = {
				ASSETCATALOG_COMPILER_APPICON_NAME = AppIcon;
				CLANG_ENABLE_MODULES = YES;
				CODE_SIGN_STYLE = Automatic;
				DEVELOPMENT_TEAM = NLMQ56W2VQ;
				INFOPLIST_FILE = Meet/Info.plist;
				IPHONEOS_DEPLOYMENT_TARGET = 11.4;
				LD_RUNPATH_SEARCH_PATHS = (
					"$(inherited)",
					"@executable_path/Frameworks",
				);
				PRODUCT_BUNDLE_IDENTIFIER = com.r8.Meet;
				PRODUCT_NAME = "$(TARGET_NAME)";
				SWIFT_OBJC_BRIDGING_HEADER = "Meet/Supporting Files/Meet-Bridging-Header.h";
				SWIFT_VERSION = 4.2;
				TARGETED_DEVICE_FAMILY = "1,2";
			};
			name = Release;
		};
/* End XCBuildConfiguration section */

/* Begin XCConfigurationList section */
		E04B2F732146CE0D00E40D3C /* Build configuration list for PBXProject "Meet" */ = {
			isa = XCConfigurationList;
			buildConfigurations = (
				E04B2F882146CE0E00E40D3C /* Debug */,
				E04B2F892146CE0E00E40D3C /* Release */,
			);
			defaultConfigurationIsVisible = 0;
			defaultConfigurationName = Release;
		};
		E04B2F8A2146CE0E00E40D3C /* Build configuration list for PBXNativeTarget "Meet" */ = {
			isa = XCConfigurationList;
			buildConfigurations = (
				E04B2F8B2146CE0E00E40D3C /* Debug */,
				E04B2F8C2146CE0E00E40D3C /* Release */,
			);
			defaultConfigurationIsVisible = 0;
			defaultConfigurationName = Release;
		};
/* End XCConfigurationList section */
	};
	rootObject = E04B2F702146CE0D00E40D3C /* Project object */;
}
